// !$*UTF8*$!
{
	archiveVersion = 1;
	classes = {
	};
	objectVersion = 56;
	objects = {

/* Begin PBXBuildFile section */
		A72EC4D02B1C1824009DF6C4 /* CarScoutApp.swift in Sources */ = {isa = PBXBuildFile; fileRef = A72EC4CF2B1C1824009DF6C4 /* CarScoutApp.swift */; };
		A72EC4D22B1C1824009DF6C4 /* ContentView.swift in Sources */ = {isa = PBXBuildFile; fileRef = A72EC4D12B1C1824009DF6C4 /* ContentView.swift */; };
		A72EC4D42B1C1826009DF6C4 /* Assets.xcassets in Resources */ = {isa = PBXBuildFile; fileRef = A72EC4D32B1C1826009DF6C4 /* Assets.xcassets */; };
		A72EC4D72B1C1826009DF6C4 /* Preview Assets.xcassets in Resources */ = {isa = PBXBuildFile; fileRef = A72EC4D62B1C1826009DF6C4 /* Preview Assets.xcassets */; };
		A72EC4E12B1C1826009DF6C4 /* CarScoutTests.swift in Sources */ = {isa = PBXBuildFile; fileRef = A72EC4E02B1C1826009DF6C4 /* CarScoutTests.swift */; };
		A72EC4EB2B1C1826009DF6C4 /* CarScoutUITests.swift in Sources */ = {isa = PBXBuildFile; fileRef = A72EC4EA2B1C1826009DF6C4 /* CarScoutUITests.swift */; };
		A72EC4ED2B1C1826009DF6C4 /* CarScoutUITestsLaunchTests.swift in Sources */ = {isa = PBXBuildFile; fileRef = A72EC4EC2B1C1826009DF6C4 /* CarScoutUITestsLaunchTests.swift */; };
		A72EC5062B1C228D009DF6C4 /* LoginView.swift in Sources */ = {isa = PBXBuildFile; fileRef = A72EC5052B1C228D009DF6C4 /* LoginView.swift */; };
		A72EC5082B1C25A7009DF6C4 /* InputView.swift in Sources */ = {isa = PBXBuildFile; fileRef = A72EC5072B1C25A7009DF6C4 /* InputView.swift */; };
		A72EC50A2B1C3028009DF6C4 /* RegistrationView.swift in Sources */ = {isa = PBXBuildFile; fileRef = A72EC5092B1C3028009DF6C4 /* RegistrationView.swift */; };
		A763B5E72B1D016D00A2C0D6 /* ProfileView.swift in Sources */ = {isa = PBXBuildFile; fileRef = A763B5E62B1D016D00A2C0D6 /* ProfileView.swift */; };
		A763B5E92B1D05AA00A2C0D6 /* SettingsView.swift in Sources */ = {isa = PBXBuildFile; fileRef = A763B5E82B1D05AA00A2C0D6 /* SettingsView.swift */; };
		A763B5EC2B1D0B1100A2C0D6 /* User.swift in Sources */ = {isa = PBXBuildFile; fileRef = A763B5EB2B1D0B1100A2C0D6 /* User.swift */; };
		A763B5EE2B1D1B2100A2C0D6 /* GoogleService-Info.plist in Resources */ = {isa = PBXBuildFile; fileRef = A763B5ED2B1D1B2100A2C0D6 /* GoogleService-Info.plist */; };
		A763B5F12B1D1C3D00A2C0D6 /* FirebaseAnalytics in Frameworks */ = {isa = PBXBuildFile; productRef = A763B5F02B1D1C3D00A2C0D6 /* FirebaseAnalytics */; };
		A763B5F32B1D1C3D00A2C0D6 /* FirebaseAuth in Frameworks */ = {isa = PBXBuildFile; productRef = A763B5F22B1D1C3D00A2C0D6 /* FirebaseAuth */; };
		A763B5F52B1D1C3D00A2C0D6 /* FirebaseFirestore in Frameworks */ = {isa = PBXBuildFile; productRef = A763B5F42B1D1C3D00A2C0D6 /* FirebaseFirestore */; };
		A763B5F72B1D1C3D00A2C0D6 /* FirebaseFirestoreSwift in Frameworks */ = {isa = PBXBuildFile; productRef = A763B5F62B1D1C3D00A2C0D6 /* FirebaseFirestoreSwift */; };
		A763B5F92B1D1C3D00A2C0D6 /* FirebaseStorage in Frameworks */ = {isa = PBXBuildFile; productRef = A763B5F82B1D1C3D00A2C0D6 /* FirebaseStorage */; };
		A763B5FD2B1D1E6400A2C0D6 /* AuthViewModel.swift in Sources */ = {isa = PBXBuildFile; fileRef = A763B5FC2B1D1E6400A2C0D6 /* AuthViewModel.swift */; };
/* End PBXBuildFile section */

/* Begin PBXContainerItemProxy section */
		A72EC4DD2B1C1826009DF6C4 /* PBXContainerItemProxy */ = {
			isa = PBXContainerItemProxy;
			containerPortal = A72EC4C42B1C1824009DF6C4 /* Project object */;
			proxyType = 1;
			remoteGlobalIDString = A72EC4CB2B1C1824009DF6C4;
			remoteInfo = CarScout;
		};
		A72EC4E72B1C1826009DF6C4 /* PBXContainerItemProxy */ = {
			isa = PBXContainerItemProxy;
			containerPortal = A72EC4C42B1C1824009DF6C4 /* Project object */;
			proxyType = 1;
			remoteGlobalIDString = A72EC4CB2B1C1824009DF6C4;
			remoteInfo = CarScout;
		};
/* End PBXContainerItemProxy section */

/* Begin PBXFileReference section */
		A72EC4CC2B1C1824009DF6C4 /* CarScout.app */ = {isa = PBXFileReference; explicitFileType = wrapper.application; includeInIndex = 0; path = CarScout.app; sourceTree = BUILT_PRODUCTS_DIR; };
		A72EC4CF2B1C1824009DF6C4 /* CarScoutApp.swift */ = {isa = PBXFileReference; lastKnownFileType = sourcecode.swift; path = CarScoutApp.swift; sourceTree = "<group>"; };
		A72EC4D12B1C1824009DF6C4 /* ContentView.swift */ = {isa = PBXFileReference; lastKnownFileType = sourcecode.swift; path = ContentView.swift; sourceTree = "<group>"; };
		A72EC4D32B1C1826009DF6C4 /* Assets.xcassets */ = {isa = PBXFileReference; lastKnownFileType = folder.assetcatalog; path = Assets.xcassets; sourceTree = "<group>"; };
		A72EC4D62B1C1826009DF6C4 /* Preview Assets.xcassets */ = {isa = PBXFileReference; lastKnownFileType = folder.assetcatalog; path = "Preview Assets.xcassets"; sourceTree = "<group>"; };
		A72EC4DC2B1C1826009DF6C4 /* CarScoutTests.xctest */ = {isa = PBXFileReference; explicitFileType = wrapper.cfbundle; includeInIndex = 0; path = CarScoutTests.xctest; sourceTree = BUILT_PRODUCTS_DIR; };
		A72EC4E02B1C1826009DF6C4 /* CarScoutTests.swift */ = {isa = PBXFileReference; lastKnownFileType = sourcecode.swift; path = CarScoutTests.swift; sourceTree = "<group>"; };
		A72EC4E62B1C1826009DF6C4 /* CarScoutUITests.xctest */ = {isa = PBXFileReference; explicitFileType = wrapper.cfbundle; includeInIndex = 0; path = CarScoutUITests.xctest; sourceTree = BUILT_PRODUCTS_DIR; };
		A72EC4EA2B1C1826009DF6C4 /* CarScoutUITests.swift */ = {isa = PBXFileReference; lastKnownFileType = sourcecode.swift; path = CarScoutUITests.swift; sourceTree = "<group>"; };
		A72EC4EC2B1C1826009DF6C4 /* CarScoutUITestsLaunchTests.swift */ = {isa = PBXFileReference; lastKnownFileType = sourcecode.swift; path = CarScoutUITestsLaunchTests.swift; sourceTree = "<group>"; };
		A72EC5052B1C228D009DF6C4 /* LoginView.swift */ = {isa = PBXFileReference; lastKnownFileType = sourcecode.swift; path = LoginView.swift; sourceTree = "<group>"; };
		A72EC5072B1C25A7009DF6C4 /* InputView.swift */ = {isa = PBXFileReference; lastKnownFileType = sourcecode.swift; path = InputView.swift; sourceTree = "<group>"; };
		A72EC5092B1C3028009DF6C4 /* RegistrationView.swift */ = {isa = PBXFileReference; lastKnownFileType = sourcecode.swift; path = RegistrationView.swift; sourceTree = "<group>"; };
		A763B5E62B1D016D00A2C0D6 /* ProfileView.swift */ = {isa = PBXFileReference; lastKnownFileType = sourcecode.swift; path = ProfileView.swift; sourceTree = "<group>"; };
		A763B5E82B1D05AA00A2C0D6 /* SettingsView.swift */ = {isa = PBXFileReference; lastKnownFileType = sourcecode.swift; path = SettingsView.swift; sourceTree = "<group>"; };
		A763B5EB2B1D0B1100A2C0D6 /* User.swift */ = {isa = PBXFileReference; lastKnownFileType = sourcecode.swift; path = User.swift; sourceTree = "<group>"; };
		A763B5ED2B1D1B2100A2C0D6 /* GoogleService-Info.plist */ = {isa = PBXFileReference; fileEncoding = 4; lastKnownFileType = text.plist.xml; path = "GoogleService-Info.plist"; sourceTree = "<group>"; };
		A763B5FC2B1D1E6400A2C0D6 /* AuthViewModel.swift */ = {isa = PBXFileReference; lastKnownFileType = sourcecode.swift; path = AuthViewModel.swift; sourceTree = "<group>"; };
/* End PBXFileReference section */

/* Begin PBXFrameworksBuildPhase section */
		A72EC4C92B1C1824009DF6C4 /* Frameworks */ = {
			isa = PBXFrameworksBuildPhase;
			buildActionMask = 2147483647;
			files = (
				A763B5F12B1D1C3D00A2C0D6 /* FirebaseAnalytics in Frameworks */,
				A763B5F32B1D1C3D00A2C0D6 /* FirebaseAuth in Frameworks */,
				A763B5F52B1D1C3D00A2C0D6 /* FirebaseFirestore in Frameworks */,
				A763B5F92B1D1C3D00A2C0D6 /* FirebaseStorage in Frameworks */,
				A763B5F72B1D1C3D00A2C0D6 /* FirebaseFirestoreSwift in Frameworks */,
			);
			runOnlyForDeploymentPostprocessing = 0;
		};
		A72EC4D92B1C1826009DF6C4 /* Frameworks */ = {
			isa = PBXFrameworksBuildPhase;
			buildActionMask = 2147483647;
			files = (
			);
			runOnlyForDeploymentPostprocessing = 0;
		};
		A72EC4E32B1C1826009DF6C4 /* Frameworks */ = {
			isa = PBXFrameworksBuildPhase;
			buildActionMask = 2147483647;
			files = (
			);
			runOnlyForDeploymentPostprocessing = 0;
		};
/* End PBXFrameworksBuildPhase section */

/* Begin PBXGroup section */
		A72EC4C32B1C1824009DF6C4 = {
			isa = PBXGroup;
			children = (
				A72EC4CE2B1C1824009DF6C4 /* CarScout */,
				A72EC4DF2B1C1826009DF6C4 /* CarScoutTests */,
				A72EC4E92B1C1826009DF6C4 /* CarScoutUITests */,
				A72EC4CD2B1C1824009DF6C4 /* Products */,
			);
			sourceTree = "<group>";
		};
		A72EC4CD2B1C1824009DF6C4 /* Products */ = {
			isa = PBXGroup;
			children = (
				A72EC4CC2B1C1824009DF6C4 /* CarScout.app */,
				A72EC4DC2B1C1826009DF6C4 /* CarScoutTests.xctest */,
				A72EC4E62B1C1826009DF6C4 /* CarScoutUITests.xctest */,
			);
			name = Products;
			sourceTree = "<group>";
		};
		A72EC4CE2B1C1824009DF6C4 /* CarScout */ = {
			isa = PBXGroup;
			children = (
				A72EC4F92B1C18FD009DF6C4 /* App */,
				A72EC4FD2B1C1963009DF6C4 /* Components */,
				A72EC4FB2B1C191D009DF6C4 /* Core */,
				A72EC5012B1C1AD5009DF6C4 /* Model */,
				A72EC4D32B1C1826009DF6C4 /* Assets.xcassets */,
				A763B5ED2B1D1B2100A2C0D6 /* GoogleService-Info.plist */,
				A72EC4D52B1C1826009DF6C4 /* Preview Content */,
			);
			path = CarScout;
			sourceTree = "<group>";
		};
		A72EC4D52B1C1826009DF6C4 /* Preview Content */ = {
			isa = PBXGroup;
			children = (
				A72EC4D62B1C1826009DF6C4 /* Preview Assets.xcassets */,
			);
			path = "Preview Content";
			sourceTree = "<group>";
		};
		A72EC4DF2B1C1826009DF6C4 /* CarScoutTests */ = {
			isa = PBXGroup;
			children = (
				A72EC4E02B1C1826009DF6C4 /* CarScoutTests.swift */,
			);
			path = CarScoutTests;
			sourceTree = "<group>";
		};
		A72EC4E92B1C1826009DF6C4 /* CarScoutUITests */ = {
			isa = PBXGroup;
			children = (
				A72EC4EA2B1C1826009DF6C4 /* CarScoutUITests.swift */,
				A72EC4EC2B1C1826009DF6C4 /* CarScoutUITestsLaunchTests.swift */,
			);
			path = CarScoutUITests;
			sourceTree = "<group>";
		};
		A72EC4F92B1C18FD009DF6C4 /* App */ = {
			isa = PBXGroup;
			children = (
				A72EC4CF2B1C1824009DF6C4 /* CarScoutApp.swift */,
			);
			path = App;
			sourceTree = "<group>";
		};
		A72EC4FB2B1C191D009DF6C4 /* Core */ = {
			isa = PBXGroup;
			children = (
				A72EC5042B1C1B25009DF6C4 /* Authentication */,
				A72EC5032B1C1B1B009DF6C4 /* Profile */,
				A72EC5022B1C1AF5009DF6C4 /* Root */,
			);
			path = Core;
			sourceTree = "<group>";
		};
		A72EC4FD2B1C1963009DF6C4 /* Components */ = {
			isa = PBXGroup;
			children = (
				A72EC5072B1C25A7009DF6C4 /* InputView.swift */,
				A763B5E82B1D05AA00A2C0D6 /* SettingsView.swift */,
			);
			path = Components;
			sourceTree = "<group>";
		};
		A72EC5012B1C1AD5009DF6C4 /* Model */ = {
			isa = PBXGroup;
			children = (
				A763B5EB2B1D0B1100A2C0D6 /* User.swift */,
			);
			path = Model;
			sourceTree = "<group>";
		};
		A72EC5022B1C1AF5009DF6C4 /* Root */ = {
			isa = PBXGroup;
			children = (
				A72EC4D12B1C1824009DF6C4 /* ContentView.swift */,
			);
			path = Root;
			sourceTree = "<group>";
		};
		A72EC5032B1C1B1B009DF6C4 /* Profile */ = {
			isa = PBXGroup;
			children = (
				A763B5E62B1D016D00A2C0D6 /* ProfileView.swift */,
			);
			path = Profile;
			sourceTree = "<group>";
		};
		A72EC5042B1C1B25009DF6C4 /* Authentication */ = {
			isa = PBXGroup;
			children = (
				A763B5FB2B1D1CE300A2C0D6 /* View */,
				A763B5FA2B1D1CD100A2C0D6 /* ViewModel */,
			);
			path = Authentication;
			sourceTree = "<group>";
		};
		A763B5FA2B1D1CD100A2C0D6 /* ViewModel */ = {
			isa = PBXGroup;
			children = (
				A763B5FC2B1D1E6400A2C0D6 /* AuthViewModel.swift */,
			);
			path = ViewModel;
			sourceTree = "<group>";
		};
		A763B5FB2B1D1CE300A2C0D6 /* View */ = {
			isa = PBXGroup;
			children = (
				A72EC5052B1C228D009DF6C4 /* LoginView.swift */,
				A72EC5092B1C3028009DF6C4 /* RegistrationView.swift */,
			);
			path = View;
			sourceTree = "<group>";
		};
/* End PBXGroup section */

/* Begin PBXNativeTarget section */
		A72EC4CB2B1C1824009DF6C4 /* CarScout */ = {
			isa = PBXNativeTarget;
			buildConfigurationList = A72EC4F02B1C1826009DF6C4 /* Build configuration list for PBXNativeTarget "CarScout" */;
			buildPhases = (
				A72EC4C82B1C1824009DF6C4 /* Sources */,
				A72EC4C92B1C1824009DF6C4 /* Frameworks */,
				A72EC4CA2B1C1824009DF6C4 /* Resources */,
			);
			buildRules = (
			);
			dependencies = (
			);
			name = CarScout;
			packageProductDependencies = (
				A763B5F02B1D1C3D00A2C0D6 /* FirebaseAnalytics */,
				A763B5F22B1D1C3D00A2C0D6 /* FirebaseAuth */,
				A763B5F42B1D1C3D00A2C0D6 /* FirebaseFirestore */,
				A763B5F62B1D1C3D00A2C0D6 /* FirebaseFirestoreSwift */,
				A763B5F82B1D1C3D00A2C0D6 /* FirebaseStorage */,
			);
			productName = CarScout;
			productReference = A72EC4CC2B1C1824009DF6C4 /* CarScout.app */;
			productType = "com.apple.product-type.application";
		};
		A72EC4DB2B1C1826009DF6C4 /* CarScoutTests */ = {
			isa = PBXNativeTarget;
			buildConfigurationList = A72EC4F32B1C1826009DF6C4 /* Build configuration list for PBXNativeTarget "CarScoutTests" */;
			buildPhases = (
				A72EC4D82B1C1826009DF6C4 /* Sources */,
				A72EC4D92B1C1826009DF6C4 /* Frameworks */,
				A72EC4DA2B1C1826009DF6C4 /* Resources */,
			);
			buildRules = (
			);
			dependencies = (
				A72EC4DE2B1C1826009DF6C4 /* PBXTargetDependency */,
			);
			name = CarScoutTests;
			productName = CarScoutTests;
			productReference = A72EC4DC2B1C1826009DF6C4 /* CarScoutTests.xctest */;
			productType = "com.apple.product-type.bundle.unit-test";
		};
		A72EC4E52B1C1826009DF6C4 /* CarScoutUITests */ = {
			isa = PBXNativeTarget;
			buildConfigurationList = A72EC4F62B1C1826009DF6C4 /* Build configuration list for PBXNativeTarget "CarScoutUITests" */;
			buildPhases = (
				A72EC4E22B1C1826009DF6C4 /* Sources */,
				A72EC4E32B1C1826009DF6C4 /* Frameworks */,
				A72EC4E42B1C1826009DF6C4 /* Resources */,
			);
			buildRules = (
			);
			dependencies = (
				A72EC4E82B1C1826009DF6C4 /* PBXTargetDependency */,
			);
			name = CarScoutUITests;
			productName = CarScoutUITests;
			productReference = A72EC4E62B1C1826009DF6C4 /* CarScoutUITests.xctest */;
			productType = "com.apple.product-type.bundle.ui-testing";
		};
/* End PBXNativeTarget section */

/* Begin PBXProject section */
		A72EC4C42B1C1824009DF6C4 /* Project object */ = {
			isa = PBXProject;
			attributes = {
				BuildIndependentTargetsInParallel = 1;
				LastSwiftUpdateCheck = 1500;
				LastUpgradeCheck = 1500;
				TargetAttributes = {
					A72EC4CB2B1C1824009DF6C4 = {
						CreatedOnToolsVersion = 15.0.1;
					};
					A72EC4DB2B1C1826009DF6C4 = {
						CreatedOnToolsVersion = 15.0.1;
						TestTargetID = A72EC4CB2B1C1824009DF6C4;
					};
					A72EC4E52B1C1826009DF6C4 = {
						CreatedOnToolsVersion = 15.0.1;
						TestTargetID = A72EC4CB2B1C1824009DF6C4;
					};
				};
			};
			buildConfigurationList = A72EC4C72B1C1824009DF6C4 /* Build configuration list for PBXProject "CarScout" */;
			compatibilityVersion = "Xcode 14.0";
			developmentRegion = en;
			hasScannedForEncodings = 0;
			knownRegions = (
				en,
				Base,
			);
			mainGroup = A72EC4C32B1C1824009DF6C4;
			packageReferences = (
				A763B5EF2B1D1C3D00A2C0D6 /* XCRemoteSwiftPackageReference "firebase-ios-sdk" */,
			);
			productRefGroup = A72EC4CD2B1C1824009DF6C4 /* Products */;
			projectDirPath = "";
			projectRoot = "";
			targets = (
				A72EC4CB2B1C1824009DF6C4 /* CarScout */,
				A72EC4DB2B1C1826009DF6C4 /* CarScoutTests */,
				A72EC4E52B1C1826009DF6C4 /* CarScoutUITests */,
			);
		};
/* End PBXProject section */

/* Begin PBXResourcesBuildPhase section */
		A72EC4CA2B1C1824009DF6C4 /* Resources */ = {
			isa = PBXResourcesBuildPhase;
			buildActionMask = 2147483647;
			files = (
				A72EC4D72B1C1826009DF6C4 /* Preview Assets.xcassets in Resources */,
				A72EC4D42B1C1826009DF6C4 /* Assets.xcassets in Resources */,
				A763B5EE2B1D1B2100A2C0D6 /* GoogleService-Info.plist in Resources */,
			);
			runOnlyForDeploymentPostprocessing = 0;
		};
		A72EC4DA2B1C1826009DF6C4 /* Resources */ = {
			isa = PBXResourcesBuildPhase;
			buildActionMask = 2147483647;
			files = (
			);
			runOnlyForDeploymentPostprocessing = 0;
		};
		A72EC4E42B1C1826009DF6C4 /* Resources */ = {
			isa = PBXResourcesBuildPhase;
			buildActionMask = 2147483647;
			files = (
			);
			runOnlyForDeploymentPostprocessing = 0;
		};
/* End PBXResourcesBuildPhase section */

/* Begin PBXSourcesBuildPhase section */
		A72EC4C82B1C1824009DF6C4 /* Sources */ = {
			isa = PBXSourcesBuildPhase;
			buildActionMask = 2147483647;
			files = (
				A763B5E92B1D05AA00A2C0D6 /* SettingsView.swift in Sources */,
				A72EC5062B1C228D009DF6C4 /* LoginView.swift in Sources */,
				A72EC5082B1C25A7009DF6C4 /* InputView.swift in Sources */,
				A72EC4D22B1C1824009DF6C4 /* ContentView.swift in Sources */,
				A763B5EC2B1D0B1100A2C0D6 /* User.swift in Sources */,
				A72EC4D02B1C1824009DF6C4 /* CarScoutApp.swift in Sources */,
				A763B5E72B1D016D00A2C0D6 /* ProfileView.swift in Sources */,
				A72EC50A2B1C3028009DF6C4 /* RegistrationView.swift in Sources */,
				A763B5FD2B1D1E6400A2C0D6 /* AuthViewModel.swift in Sources */,
			);
			runOnlyForDeploymentPostprocessing = 0;
		};
		A72EC4D82B1C1826009DF6C4 /* Sources */ = {
			isa = PBXSourcesBuildPhase;
			buildActionMask = 2147483647;
			files = (
				A72EC4E12B1C1826009DF6C4 /* CarScoutTests.swift in Sources */,
			);
			runOnlyForDeploymentPostprocessing = 0;
		};
		A72EC4E22B1C1826009DF6C4 /* Sources */ = {
			isa = PBXSourcesBuildPhase;
			buildActionMask = 2147483647;
			files = (
				A72EC4ED2B1C1826009DF6C4 /* CarScoutUITestsLaunchTests.swift in Sources */,
				A72EC4EB2B1C1826009DF6C4 /* CarScoutUITests.swift in Sources */,
			);
			runOnlyForDeploymentPostprocessing = 0;
		};
/* End PBXSourcesBuildPhase section */

/* Begin PBXTargetDependency section */
		A72EC4DE2B1C1826009DF6C4 /* PBXTargetDependency */ = {
			isa = PBXTargetDependency;
			target = A72EC4CB2B1C1824009DF6C4 /* CarScout */;
			targetProxy = A72EC4DD2B1C1826009DF6C4 /* PBXContainerItemProxy */;
		};
		A72EC4E82B1C1826009DF6C4 /* PBXTargetDependency */ = {
			isa = PBXTargetDependency;
			target = A72EC4CB2B1C1824009DF6C4 /* CarScout */;
			targetProxy = A72EC4E72B1C1826009DF6C4 /* PBXContainerItemProxy */;
		};
/* End PBXTargetDependency section */

/* Begin XCBuildConfiguration section */
		A72EC4EE2B1C1826009DF6C4 /* Debug */ = {
			isa = XCBuildConfiguration;
			buildSettings = {
				ALWAYS_SEARCH_USER_PATHS = NO;
				ASSETCATALOG_COMPILER_GENERATE_SWIFT_ASSET_SYMBOL_EXTENSIONS = YES;
				CLANG_ANALYZER_NONNULL = YES;
				CLANG_ANALYZER_NUMBER_OBJECT_CONVERSION = YES_AGGRESSIVE;
				CLANG_CXX_LANGUAGE_STANDARD = "gnu++20";
				CLANG_ENABLE_MODULES = YES;
				CLANG_ENABLE_OBJC_ARC = YES;
				CLANG_ENABLE_OBJC_WEAK = YES;
				CLANG_WARN_BLOCK_CAPTURE_AUTORELEASING = YES;
				CLANG_WARN_BOOL_CONVERSION = YES;
				CLANG_WARN_COMMA = YES;
				CLANG_WARN_CONSTANT_CONVERSION = YES;
				CLANG_WARN_DEPRECATED_OBJC_IMPLEMENTATIONS = YES;
				CLANG_WARN_DIRECT_OBJC_ISA_USAGE = YES_ERROR;
				CLANG_WARN_DOCUMENTATION_COMMENTS = YES;
				CLANG_WARN_EMPTY_BODY = YES;
				CLANG_WARN_ENUM_CONVERSION = YES;
				CLANG_WARN_INFINITE_RECURSION = YES;
				CLANG_WARN_INT_CONVERSION = YES;
				CLANG_WARN_NON_LITERAL_NULL_CONVERSION = YES;
				CLANG_WARN_OBJC_IMPLICIT_RETAIN_SELF = YES;
				CLANG_WARN_OBJC_LITERAL_CONVERSION = YES;
				CLANG_WARN_OBJC_ROOT_CLASS = YES_ERROR;
				CLANG_WARN_QUOTED_INCLUDE_IN_FRAMEWORK_HEADER = YES;
				CLANG_WARN_RANGE_LOOP_ANALYSIS = YES;
				CLANG_WARN_STRICT_PROTOTYPES = YES;
				CLANG_WARN_SUSPICIOUS_MOVE = YES;
				CLANG_WARN_UNGUARDED_AVAILABILITY = YES_AGGRESSIVE;
				CLANG_WARN_UNREACHABLE_CODE = YES;
				CLANG_WARN__DUPLICATE_METHOD_MATCH = YES;
				COPY_PHASE_STRIP = NO;
				DEBUG_INFORMATION_FORMAT = dwarf;
				ENABLE_STRICT_OBJC_MSGSEND = YES;
				ENABLE_TESTABILITY = YES;
				ENABLE_USER_SCRIPT_SANDBOXING = YES;
				GCC_C_LANGUAGE_STANDARD = gnu17;
				GCC_DYNAMIC_NO_PIC = NO;
				GCC_NO_COMMON_BLOCKS = YES;
				GCC_OPTIMIZATION_LEVEL = 0;
				GCC_PREPROCESSOR_DEFINITIONS = (
					"DEBUG=1",
					"$(inherited)",
				);
				GCC_WARN_64_TO_32_BIT_CONVERSION = YES;
				GCC_WARN_ABOUT_RETURN_TYPE = YES_ERROR;
				GCC_WARN_UNDECLARED_SELECTOR = YES;
				GCC_WARN_UNINITIALIZED_AUTOS = YES_AGGRESSIVE;
				GCC_WARN_UNUSED_FUNCTION = YES;
				GCC_WARN_UNUSED_VARIABLE = YES;
				IPHONEOS_DEPLOYMENT_TARGET = 17.0;
				LOCALIZATION_PREFERS_STRING_CATALOGS = YES;
				MTL_ENABLE_DEBUG_INFO = INCLUDE_SOURCE;
				MTL_FAST_MATH = YES;
				ONLY_ACTIVE_ARCH = YES;
				SDKROOT = iphoneos;
				SWIFT_ACTIVE_COMPILATION_CONDITIONS = "DEBUG $(inherited)";
				SWIFT_OPTIMIZATION_LEVEL = "-Onone";
			};
			name = Debug;
		};
		A72EC4EF2B1C1826009DF6C4 /* Release */ = {
			isa = XCBuildConfiguration;
			buildSettings = {
				ALWAYS_SEARCH_USER_PATHS = NO;
				ASSETCATALOG_COMPILER_GENERATE_SWIFT_ASSET_SYMBOL_EXTENSIONS = YES;
				CLANG_ANALYZER_NONNULL = YES;
				CLANG_ANALYZER_NUMBER_OBJECT_CONVERSION = YES_AGGRESSIVE;
				CLANG_CXX_LANGUAGE_STANDARD = "gnu++20";
				CLANG_ENABLE_MODULES = YES;
				CLANG_ENABLE_OBJC_ARC = YES;
				CLANG_ENABLE_OBJC_WEAK = YES;
				CLANG_WARN_BLOCK_CAPTURE_AUTORELEASING = YES;
				CLANG_WARN_BOOL_CONVERSION = YES;
				CLANG_WARN_COMMA = YES;
				CLANG_WARN_CONSTANT_CONVERSION = YES;
				CLANG_WARN_DEPRECATED_OBJC_IMPLEMENTATIONS = YES;
				CLANG_WARN_DIRECT_OBJC_ISA_USAGE = YES_ERROR;
				CLANG_WARN_DOCUMENTATION_COMMENTS = YES;
				CLANG_WARN_EMPTY_BODY = YES;
				CLANG_WARN_ENUM_CONVERSION = YES;
				CLANG_WARN_INFINITE_RECURSION = YES;
				CLANG_WARN_INT_CONVERSION = YES;
				CLANG_WARN_NON_LITERAL_NULL_CONVERSION = YES;
				CLANG_WARN_OBJC_IMPLICIT_RETAIN_SELF = YES;
				CLANG_WARN_OBJC_LITERAL_CONVERSION = YES;
				CLANG_WARN_OBJC_ROOT_CLASS = YES_ERROR;
				CLANG_WARN_QUOTED_INCLUDE_IN_FRAMEWORK_HEADER = YES;
				CLANG_WARN_RANGE_LOOP_ANALYSIS = YES;
				CLANG_WARN_STRICT_PROTOTYPES = YES;
				CLANG_WARN_SUSPICIOUS_MOVE = YES;
				CLANG_WARN_UNGUARDED_AVAILABILITY = YES_AGGRESSIVE;
				CLANG_WARN_UNREACHABLE_CODE = YES;
				CLANG_WARN__DUPLICATE_METHOD_MATCH = YES;
				COPY_PHASE_STRIP = NO;
				DEBUG_INFORMATION_FORMAT = "dwarf-with-dsym";
				ENABLE_NS_ASSERTIONS = NO;
				ENABLE_STRICT_OBJC_MSGSEND = YES;
				ENABLE_USER_SCRIPT_SANDBOXING = YES;
				GCC_C_LANGUAGE_STANDARD = gnu17;
				GCC_NO_COMMON_BLOCKS = YES;
				GCC_WARN_64_TO_32_BIT_CONVERSION = YES;
				GCC_WARN_ABOUT_RETURN_TYPE = YES_ERROR;
				GCC_WARN_UNDECLARED_SELECTOR = YES;
				GCC_WARN_UNINITIALIZED_AUTOS = YES_AGGRESSIVE;
				GCC_WARN_UNUSED_FUNCTION = YES;
				GCC_WARN_UNUSED_VARIABLE = YES;
				IPHONEOS_DEPLOYMENT_TARGET = 17.0;
				LOCALIZATION_PREFERS_STRING_CATALOGS = YES;
				MTL_ENABLE_DEBUG_INFO = NO;
				MTL_FAST_MATH = YES;
				SDKROOT = iphoneos;
				SWIFT_COMPILATION_MODE = wholemodule;
				VALIDATE_PRODUCT = YES;
			};
			name = Release;
		};
		A72EC4F12B1C1826009DF6C4 /* Debug */ = {
			isa = XCBuildConfiguration;
			buildSettings = {
				ASSETCATALOG_COMPILER_APPICON_NAME = AppIcon;
				ASSETCATALOG_COMPILER_GLOBAL_ACCENT_COLOR_NAME = AccentColor;
				CODE_SIGN_STYLE = Automatic;
				CURRENT_PROJECT_VERSION = 1;
				DEVELOPMENT_ASSET_PATHS = "\"CarScout/Preview Content\"";
				ENABLE_PREVIEWS = YES;
				GENERATE_INFOPLIST_FILE = YES;
				INFOPLIST_KEY_UIApplicationSceneManifest_Generation = YES;
				INFOPLIST_KEY_UIApplicationSupportsIndirectInputEvents = YES;
				INFOPLIST_KEY_UILaunchScreen_Generation = YES;
				INFOPLIST_KEY_UISupportedInterfaceOrientations_iPad = "UIInterfaceOrientationPortrait UIInterfaceOrientationPortraitUpsideDown UIInterfaceOrientationLandscapeLeft UIInterfaceOrientationLandscapeRight";
				INFOPLIST_KEY_UISupportedInterfaceOrientations_iPhone = "UIInterfaceOrientationPortrait UIInterfaceOrientationLandscapeLeft UIInterfaceOrientationLandscapeRight";
				LD_RUNPATH_SEARCH_PATHS = (
					"$(inherited)",
					"@executable_path/Frameworks",
				);
				MARKETING_VERSION = 1.0;
				PRODUCT_BUNDLE_IDENTIFIER = GoldenAge.CarScout;
				PRODUCT_NAME = "$(TARGET_NAME)";
				SWIFT_EMIT_LOC_STRINGS = YES;
				SWIFT_VERSION = 5.0;
				TARGETED_DEVICE_FAMILY = "1,2";
			};
			name = Debug;
		};
		A72EC4F22B1C1826009DF6C4 /* Release */ = {
			isa = XCBuildConfiguration;
			buildSettings = {
				ASSETCATALOG_COMPILER_APPICON_NAME = AppIcon;
				ASSETCATALOG_COMPILER_GLOBAL_ACCENT_COLOR_NAME = AccentColor;
				CODE_SIGN_STYLE = Automatic;
				CURRENT_PROJECT_VERSION = 1;
				DEVELOPMENT_ASSET_PATHS = "\"CarScout/Preview Content\"";
				ENABLE_PREVIEWS = YES;
				GENERATE_INFOPLIST_FILE = YES;
				INFOPLIST_KEY_UIApplicationSceneManifest_Generation = YES;
				INFOPLIST_KEY_UIApplicationSupportsIndirectInputEvents = YES;
				INFOPLIST_KEY_UILaunchScreen_Generation = YES;
				INFOPLIST_KEY_UISupportedInterfaceOrientations_iPad = "UIInterfaceOrientationPortrait UIInterfaceOrientationPortraitUpsideDown UIInterfaceOrientationLandscapeLeft UIInterfaceOrientationLandscapeRight";
				INFOPLIST_KEY_UISupportedInterfaceOrientations_iPhone = "UIInterfaceOrientationPortrait UIInterfaceOrientationLandscapeLeft UIInterfaceOrientationLandscapeRight";
				LD_RUNPATH_SEARCH_PATHS = (
					"$(inherited)",
					"@executable_path/Frameworks",
				);
				MARKETING_VERSION = 1.0;
				PRODUCT_BUNDLE_IDENTIFIER = GoldenAge.CarScout;
				PRODUCT_NAME = "$(TARGET_NAME)";
				SWIFT_EMIT_LOC_STRINGS = YES;
				SWIFT_VERSION = 5.0;
				TARGETED_DEVICE_FAMILY = "1,2";
			};
			name = Release;
		};
		A72EC4F42B1C1826009DF6C4 /* Debug */ = {
			isa = XCBuildConfiguration;
			buildSettings = {
				ALWAYS_EMBED_SWIFT_STANDARD_LIBRARIES = YES;
				BUNDLE_LOADER = "$(TEST_HOST)";
				CODE_SIGN_STYLE = Automatic;
				CURRENT_PROJECT_VERSION = 1;
				GENERATE_INFOPLIST_FILE = YES;
				IPHONEOS_DEPLOYMENT_TARGET = 17.0;
				MARKETING_VERSION = 1.0;
				PRODUCT_BUNDLE_IDENTIFIER = GoldenAge.CarScoutTests;
				PRODUCT_NAME = "$(TARGET_NAME)";
				SWIFT_EMIT_LOC_STRINGS = NO;
				SWIFT_VERSION = 5.0;
				TARGETED_DEVICE_FAMILY = "1,2";
				TEST_HOST = "$(BUILT_PRODUCTS_DIR)/CarScout.app/$(BUNDLE_EXECUTABLE_FOLDER_PATH)/CarScout";
			};
			name = Debug;
		};
		A72EC4F52B1C1826009DF6C4 /* Release */ = {
			isa = XCBuildConfiguration;
			buildSettings = {
				ALWAYS_EMBED_SWIFT_STANDARD_LIBRARIES = YES;
				BUNDLE_LOADER = "$(TEST_HOST)";
				CODE_SIGN_STYLE = Automatic;
				CURRENT_PROJECT_VERSION = 1;
				GENERATE_INFOPLIST_FILE = YES;
				IPHONEOS_DEPLOYMENT_TARGET = 17.0;
				MARKETING_VERSION = 1.0;
				PRODUCT_BUNDLE_IDENTIFIER = GoldenAge.CarScoutTests;
				PRODUCT_NAME = "$(TARGET_NAME)";
				SWIFT_EMIT_LOC_STRINGS = NO;
				SWIFT_VERSION = 5.0;
				TARGETED_DEVICE_FAMILY = "1,2";
				TEST_HOST = "$(BUILT_PRODUCTS_DIR)/CarScout.app/$(BUNDLE_EXECUTABLE_FOLDER_PATH)/CarScout";
			};
			name = Release;
		};
		A72EC4F72B1C1826009DF6C4 /* Debug */ = {
			isa = XCBuildConfiguration;
			buildSettings = {
				ALWAYS_EMBED_SWIFT_STANDARD_LIBRARIES = YES;
				CODE_SIGN_STYLE = Automatic;
				CURRENT_PROJECT_VERSION = 1;
				GENERATE_INFOPLIST_FILE = YES;
				MARKETING_VERSION = 1.0;
				PRODUCT_BUNDLE_IDENTIFIER = GoldenAge.CarScoutUITests;
				PRODUCT_NAME = "$(TARGET_NAME)";
				SWIFT_EMIT_LOC_STRINGS = NO;
				SWIFT_VERSION = 5.0;
				TARGETED_DEVICE_FAMILY = "1,2";
				TEST_TARGET_NAME = CarScout;
			};
			name = Debug;
		};
		A72EC4F82B1C1826009DF6C4 /* Release */ = {
			isa = XCBuildConfiguration;
			buildSettings = {
				ALWAYS_EMBED_SWIFT_STANDARD_LIBRARIES = YES;
				CODE_SIGN_STYLE = Automatic;
				CURRENT_PROJECT_VERSION = 1;
				GENERATE_INFOPLIST_FILE = YES;
				MARKETING_VERSION = 1.0;
				PRODUCT_BUNDLE_IDENTIFIER = GoldenAge.CarScoutUITests;
				PRODUCT_NAME = "$(TARGET_NAME)";
				SWIFT_EMIT_LOC_STRINGS = NO;
				SWIFT_VERSION = 5.0;
				TARGETED_DEVICE_FAMILY = "1,2";
				TEST_TARGET_NAME = CarScout;
			};
			name = Release;
		};
/* End XCBuildConfiguration section */

/* Begin XCConfigurationList section */
		A72EC4C72B1C1824009DF6C4 /* Build configuration list for PBXProject "CarScout" */ = {
			isa = XCConfigurationList;
			buildConfigurations = (
				A72EC4EE2B1C1826009DF6C4 /* Debug */,
				A72EC4EF2B1C1826009DF6C4 /* Release */,
			);
			defaultConfigurationIsVisible = 0;
			defaultConfigurationName = Release;
		};
		A72EC4F02B1C1826009DF6C4 /* Build configuration list for PBXNativeTarget "CarScout" */ = {
			isa = XCConfigurationList;
			buildConfigurations = (
				A72EC4F12B1C1826009DF6C4 /* Debug */,
				A72EC4F22B1C1826009DF6C4 /* Release */,
			);
			defaultConfigurationIsVisible = 0;
			defaultConfigurationName = Release;
		};
		A72EC4F32B1C1826009DF6C4 /* Build configuration list for PBXNativeTarget "CarScoutTests" */ = {
			isa = XCConfigurationList;
			buildConfigurations = (
				A72EC4F42B1C1826009DF6C4 /* Debug */,
				A72EC4F52B1C1826009DF6C4 /* Release */,
			);
			defaultConfigurationIsVisible = 0;
			defaultConfigurationName = Release;
		};
		A72EC4F62B1C1826009DF6C4 /* Build configuration list for PBXNativeTarget "CarScoutUITests" */ = {
			isa = XCConfigurationList;
			buildConfigurations = (
				A72EC4F72B1C1826009DF6C4 /* Debug */,
				A72EC4F82B1C1826009DF6C4 /* Release */,
			);
			defaultConfigurationIsVisible = 0;
			defaultConfigurationName = Release;
		};
/* End XCConfigurationList section */

/* Begin XCRemoteSwiftPackageReference section */
		A763B5EF2B1D1C3D00A2C0D6 /* XCRemoteSwiftPackageReference "firebase-ios-sdk" */ = {
			isa = XCRemoteSwiftPackageReference;
			repositoryURL = "https://github.com/firebase/firebase-ios-sdk.git";
			requirement = {
				kind = upToNextMajorVersion;
				minimumVersion = 10.18.0;
			};
		};
/* End XCRemoteSwiftPackageReference section */

/* Begin XCSwiftPackageProductDependency section */
		A763B5F02B1D1C3D00A2C0D6 /* FirebaseAnalytics */ = {
			isa = XCSwiftPackageProductDependency;
			package = A763B5EF2B1D1C3D00A2C0D6 /* XCRemoteSwiftPackageReference "firebase-ios-sdk" */;
			productName = FirebaseAnalytics;
		};
		A763B5F22B1D1C3D00A2C0D6 /* FirebaseAuth */ = {
			isa = XCSwiftPackageProductDependency;
			package = A763B5EF2B1D1C3D00A2C0D6 /* XCRemoteSwiftPackageReference "firebase-ios-sdk" */;
			productName = FirebaseAuth;
		};
		A763B5F42B1D1C3D00A2C0D6 /* FirebaseFirestore */ = {
			isa = XCSwiftPackageProductDependency;
			package = A763B5EF2B1D1C3D00A2C0D6 /* XCRemoteSwiftPackageReference "firebase-ios-sdk" */;
			productName = FirebaseFirestore;
		};
		A763B5F62B1D1C3D00A2C0D6 /* FirebaseFirestoreSwift */ = {
			isa = XCSwiftPackageProductDependency;
			package = A763B5EF2B1D1C3D00A2C0D6 /* XCRemoteSwiftPackageReference "firebase-ios-sdk" */;
			productName = FirebaseFirestoreSwift;
		};
		A763B5F82B1D1C3D00A2C0D6 /* FirebaseStorage */ = {
			isa = XCSwiftPackageProductDependency;
			package = A763B5EF2B1D1C3D00A2C0D6 /* XCRemoteSwiftPackageReference "firebase-ios-sdk" */;
			productName = FirebaseStorage;
		};
/* End XCSwiftPackageProductDependency section */
	};
	rootObject = A72EC4C42B1C1824009DF6C4 /* Project object */;
}
